<Solution>
  <Folder Name="/src/">
    <Project Path="src/Http11Probe.Cli/Http11Probe.Cli.csproj" />
    <Project Path="src/Http11Probe/Http11Probe.csproj" />
  </Folder>
  <Folder Name="/src/Servers/">
    <Project Path="src/Servers/AspNetMinimal/AspNetMinimal.csproj" />
    <Project Path="src/Servers/EmbedIOServer/EmbedIOServer.csproj" />
    <Project Path="src/Servers/FastEndpointsServer/FastEndpointsServer.csproj" />
    <Project Path="src/Servers/GenHttpServer/GenHttpServer.csproj" />
    <Project Path="src/Servers/GlyphServer/GlyphServer.csproj" />
    <Project Path="src/Servers/NetCoreServerFramework/NetCoreServerFramework.csproj" />
    <Project Path="src/Servers/SimpleWServer/SimpleWServer.csproj" />
    <Project Path="src/Servers/SiskServer/SiskServer.csproj" />
    <Project Path="src/Servers/ServiceStackServer/ServiceStackServer.csproj" />
    <Project Path="src/Servers/EffinitiveServer/EffinitiveServer.csproj" />
  </Folder>
</Solution>
